
Microsoft Visual Studio Solution File, Format Version 12.00
# Visual Studio 15
VisualStudioVersion = 15.0.28307.329
MinimumVisualStudioVersion = 10.0.40219.1
Project("{8BC9CEB8-8B4A-11D0-8D11-00A0C91BC942}") = "prueba_cuda", "prueba_cuda\prueba_cuda.vcxproj", "{95D1BDCF-7407-410A-86F1-8A290220B8D9}"
EndProject
Global
	GlobalSection(SolutionConfigurationPlatforms) = preSolution
		Debug|x64 = Debug|x64
		Release|x64 = Release|x64
	EndGlobalSection
	GlobalSection(ProjectConfigurationPlatforms) = postSolution
		{95D1BDCF-7407-410A-86F1-8A290220B8D9}.Debug|x64.ActiveCfg = Debug|x64
		{95D1BDCF-7407-410A-86F1-8A290220B8D9}.Debug|x64.Build.0 = Debug|x64
		{95D1BDCF-7407-410A-86F1-8A290220B8D9}.Release|x64.ActiveCfg = Release|x64
		{95D1BDCF-7407-410A-86F1-8A290220B8D9}.Release|x64.Build.0 = Release|x64
	EndGlobalSection
	GlobalSection(SolutionProperties) = preSolution
		HideSolutionNode = FALSE
	EndGlobalSection
	GlobalSection(ExtensibilityGlobals) = postSolution
		SolutionGuid = {AB6F804F-7C22-4BF1-B1A8-08846EDDB438}
	EndGlobalSection
EndGlobal
